
Microsoft Visual Studio Solution File, Format Version 12.00
# Visual Studio Version 17
VisualStudioVersion = 17.9.34728.123
MinimumVisualStudioVersion = 10.0.40219.1
Project("{FAE04EC0-301F-11D3-BF4B-00C04F79EFBC}") = "chickenegg", "chickenegg.csproj", "{366D6420-B6A3-4D51-A501-40C63CE88E97}"
EndProject
Global
	GlobalSection(SolutionConfigurationPlatforms) = preSolution
		Debug|Any CPU = Debug|Any CPU
		Release|Any CPU = Release|Any CPU
	EndGlobalSection
	GlobalSection(ProjectConfigurationPlatforms) = postSolution
		{366D6420-B6A3-4D51-A501-40C63CE88E97}.Debug|Any CPU.ActiveCfg = Debug|Any CPU
		{366D6420-B6A3-4D51-A501-40C63CE88E97}.Debug|Any CPU.Build.0 = Debug|Any CPU
		{366D6420-B6A3-4D51-A501-40C63CE88E97}.Release|Any CPU.ActiveCfg = Release|Any CPU
		{366D6420-B6A3-4D51-A501-40C63CE88E97}.Release|Any CPU.Build.0 = Release|Any CPU
	EndGlobalSection
	GlobalSection(SolutionProperties) = preSolution
		HideSolutionNode = FALSE
	EndGlobalSection
	GlobalSection(ExtensibilityGlobals) = postSolution
		SolutionGuid = {7EB23CE1-7388-4476-AD2C-697FDB5D5548}
	EndGlobalSection
EndGlobal
